{
  "nodes": {
    "flake-compat": {
      "locked": {
        "lastModified": 1766661267,
        "narHash": "sha256-QN1r/zNqvXHwWqlRAnRtFf4CQwIOJx58PtdExIzAw94=",
        "owner": "NixOS",
        "repo": "flake-compat",
        "rev": "f275e157c50c3a9a682b4c9b4aa4db7a4cd3b5f2",
        "type": "github"
      },
      "original": {
        "owner": "NixOS",
        "repo": "flake-compat",
        "type": "github"
      }
    },
    "flake-parts": {
      "inputs": {
        "nixpkgs-lib": [
          "nixpkgs"
        ]
      },
      "locked": {
        "lastModified": 1765835352,
        "narHash": "sha256-XswHlK/Qtjasvhd1nOa1e8MgZ8GS//jBoTqWtrS1Giw=",
        "owner": "hercules-ci",
        "repo": "flake-parts",
        "rev": "a34fae9c08a15ad73f295041fec82323541400a9",
        "type": "github"
      },
      "original": {
        "owner": "hercules-ci",
        "repo": "flake-parts",
        "type": "github"
      }
    },
    "import-tree": {
      "locked": {
        "lastModified": 1763762820,
        "narHash": "sha256-ZvYKbFib3AEwiNMLsejb/CWs/OL/srFQ8AogkebEPF0=",
        "ref": "refs/heads/main",
        "rev": "3c23749d8013ec6daa1d7255057590e9ca726646",
        "revCount": 87,
        "type": "git",
        "url": "https://tangled.org/oeiuwq.com/import-tree"
      },
      "original": {
        "type": "git",
        "url": "https://tangled.org/oeiuwq.com/import-tree"
      }
    },
    "neovim-nightly-overlay": {
      "inputs": {
        "flake-parts": [
          "flake-parts"
        ],
        "neovim-src": "neovim-src",
        "nixpkgs": [
          "nixpkgs"
        ]
      },
      "locked": {
        "lastModified": 1766880341,
        "narHash": "sha256-yYh/TNwR9GsJUT8d73nsK39lZ/j240jDwNr6807lx60=",
        "owner": "nix-community",
        "repo": "neovim-nightly-overlay",
        "rev": "7e6bb31ced1de2c6360122173f63c44113223622",
        "type": "github"
      },
      "original": {
        "owner": "nix-community",
        "repo": "neovim-nightly-overlay",
        "type": "github"
      }
    },
    "neovim-src": {
      "flake": false,
      "locked": {
        "lastModified": 1766877615,
        "narHash": "sha256-iojFwrzLMqEaOLkXVjIVLWFW5DU1Vhh40Xndx3fR/Xs=",
        "owner": "neovim",
        "repo": "neovim",
        "rev": "ab5a92bff67d654c543d89b4803a64b2e648253a",
        "type": "github"
      },
      "original": {
        "owner": "neovim",
        "repo": "neovim",
        "type": "github"
      }
    },
    "nixpkgs": {
      "locked": {
        "lastModified": 1766843293,
        "narHash": "sha256-gC/tLwApIIqw2/y0nZuEtt28TEc+WQKWlxLeexdbnI0=",
        "owner": "NixOS",
        "repo": "nixpkgs",
        "rev": "8b1463345daa89a2b20b224df7cc843485c5353c",
        "type": "github"
      },
      "original": {
        "owner": "NixOS",
        "ref": "pull/470883/head",
        "repo": "nixpkgs",
        "type": "github"
      }
    },
    "nixvim": {
      "inputs": {
        "flake-parts": [
          "flake-parts"
        ],
        "nixpkgs": [
          "nixpkgs"
        ],
        "systems": [
          "systems"
        ]
      },
      "locked": {
        "lastModified": 1766789373,
        "narHash": "sha256-tG1iqWV4jxdn9sQPfp2aLTUBi0JS736drwoxeipqlqQ=",
        "owner": "nix-community",
        "repo": "nixvim",
        "rev": "2a3eece6afe262d690b608dc43547ec3a33abee9",
        "type": "github"
      },
      "original": {
        "owner": "nix-community",
        "repo": "nixvim",
        "type": "github"
      }
    },
    "root": {
      "inputs": {
        "flake-compat": "flake-compat",
        "flake-parts": "flake-parts",
        "import-tree": "import-tree",
        "neovim-nightly-overlay": "neovim-nightly-overlay",
        "nixpkgs": "nixpkgs",
        "nixvim": "nixvim",
        "systems": "systems",
        "treefmt-nix": "treefmt-nix"
      }
    },
    "systems": {
      "locked": {
        "lastModified": 1681028828,
        "narHash": "sha256-Vy1rq5AaRuLzOxct8nz4T6wlgyUR7zLU309k9mBC768=",
        "owner": "nix-systems",
        "repo": "default",
        "rev": "da67096a3b9bf56a91d16901293e51ba5b49a27e",
        "type": "github"
      },
      "original": {
        "owner": "nix-systems",
        "repo": "default",
        "type": "github"
      }
    },
    "treefmt-nix": {
      "inputs": {
        "nixpkgs": [
          "nixpkgs"
        ]
      },
      "locked": {
        "lastModified": 1766000401,
        "narHash": "sha256-+cqN4PJz9y0JQXfAK5J1drd0U05D5fcAGhzhfVrDlsI=",
        "owner": "numtide",
        "repo": "treefmt-nix",
        "rev": "42d96e75aa56a3f70cab7e7dc4a32868db28e8fd",
        "type": "github"
      },
      "original": {
        "owner": "numtide",
        "repo": "treefmt-nix",
        "type": "github"
      }
    }
  },
  "root": "root",
  "version": 7
}
